
Microsoft Visual Studio Solution File, Format Version 12.00
# Visual Studio Version 16
VisualStudioVersion = 25.0.1705.3
MinimumVisualStudioVersion = 10.0.40219.1
Project("{FAE04EC0-301F-11D3-BF4B-00C04F79EFBC}") = "ch", "ch\ch.csproj", "{5970ADFA-A6BC-49BC-9C1E-CC51E95253A0}"
EndProject
Global
	GlobalSection(SolutionConfigurationPlatforms) = preSolution
		Debug|Any CPU = Debug|Any CPU
		Release|Any CPU = Release|Any CPU
	EndGlobalSection
	GlobalSection(ProjectConfigurationPlatforms) = postSolution
		{5970ADFA-A6BC-49BC-9C1E-CC51E95253A0}.Debug|Any CPU.ActiveCfg = Debug|Any CPU
		{5970ADFA-A6BC-49BC-9C1E-CC51E95253A0}.Debug|Any CPU.Build.0 = Debug|Any CPU
		{5970ADFA-A6BC-49BC-9C1E-CC51E95253A0}.Release|Any CPU.ActiveCfg = Release|Any CPU
		{5970ADFA-A6BC-49BC-9C1E-CC51E95253A0}.Release|Any CPU.Build.0 = Release|Any CPU
	EndGlobalSection
	GlobalSection(SolutionProperties) = preSolution
		HideSolutionNode = FALSE
	EndGlobalSection
	GlobalSection(ExtensibilityGlobals) = postSolution
		SolutionGuid = {1FA2BD23-F2BE-47F3-93FF-62E659CD47EF}
	EndGlobalSection
EndGlobal
